<?xml version="1.0" encoding="utf-8"?>
<Project ToolsVersion="4.0" xmlns="http://schemas.microsoft.com/developer/msbuild/2003">
  <ItemGroup>
    <Filter Include="Source Files">
      <UniqueIdentifier>{4FC737F1-C7A5-4376-A066-2A32D752A2FF}</UniqueIdentifier>
      <Extensions>cpp;c;cc;cxx;def;odl;idl;hpj;bat;asm;asmx</Extensions>
    </Filter>
    <Filter Include="Header Files">
      <UniqueIdentifier>{93995380-89BD-4b04-88EB-625FBE52EBFB}</UniqueIdentifier>
      <Extensions>h;hh;hpp;hxx;hm;inl;inc;ipp;xsd</Extensions>
    </Filter>
    <Filter Include="Resource Files">
      <UniqueIdentifier>{67DA6AB6-F800-4c08-8B7A-83BB121AAD01}</UniqueIdentifier>
      <Extensions>rc;ico;cur;bmp;dlg;rc2;rct;bin;rgs;gif;jpg;jpeg;jpe;resx;tiff;tif;png;wav;mfcribbon-ms</Extensions>
    </Filter>
  </ItemGroup>
  <ItemGroup>
    <ClInclude Include="Msg.h">
      <Filter>Header Files</Filter>
    </ClInclude>
    <ClInclude Include="Utils.h">
      <Filter>Header Files</Filter>
    </ClInclude>
    <ClInclude Include="Macro.h">
      <Filter>Header Files</Filter>
    </ClInclude>
    <ClInclude Include="IClient.h">
      <Filter>Header Files</Filter>
    </ClInclude>
    <ClInclude Include="SelectServer.h">
      <Filter>Header Files</Filter>
    </ClInclude>
    <ClInclude Include="IServer.h">
      <Filter>Header Files</Filter>
    </ClInclude>
    <ClInclude Include="SelectClient_Thread.h">
      <Filter>Header Files</Filter>
    </ClInclude>
    <ClInclude Include="SelectClient.h">
      <Filter>Header Files</Filter>
    </ClInclude>
    <ClInclude Include="Timestamp.h">
      <Filter>Header Files</Filter>
    </ClInclude>
    <ClInclude Include="SelectServer_Thread.h">
      <Filter>Header Files</Filter>
    </ClInclude>
    <ClInclude Include="ClientSocket.h">
      <Filter>Header Files</Filter>
    </ClInclude>
    <ClInclude Include="MyQueue.h">
      <Filter>Header Files</Filter>
    </ClInclude>
    <ClInclude Include="MemoryPool.h">
      <Filter>Header Files</Filter>
    </ClInclude>
    <ClInclude Include="VarMemPool.h">
      <Filter>Header Files</Filter>
    </ClInclude>
    <ClInclude Include="ConfigHelp.h">
      <Filter>Header Files</Filter>
    </ClInclude>
    <ClInclude Include="SocketHeader.h">
      <Filter>Header Files</Filter>
    </ClInclude>
    <ClInclude Include="IMsgHandle.h">
      <Filter>Header Files</Filter>
    </ClInclude>
    <ClInclude Include="IMsgRecv.h">
      <Filter>Header Files</Filter>
    </ClInclude>
    <ClInclude Include="IMsgSend.h">
      <Filter>Header Files</Filter>
    </ClInclude>
    <ClInclude Include="QueueMsg.h">
      <Filter>Header Files</Filter>
    </ClInclude>
    <ClInclude Include="IMemPool.h">
      <Filter>Header Files</Filter>
    </ClInclude>
    <ClInclude Include="SafeQueue.h">
      <Filter>Header Files</Filter>
    </ClInclude>
    <ClInclude Include="Common.h">
      <Filter>Header Files</Filter>
    </ClInclude>
    <ClInclude Include="IQueue.h">
      <Filter>Header Files</Filter>
    </ClInclude>
    <ClInclude Include="Factory.h">
      <Filter>Header Files</Filter>
    </ClInclude>
    <ClInclude Include="MyDump.h">
      <Filter>Header Files</Filter>
    </ClInclude>
  </ItemGroup>
  <ItemGroup>
    <ClCompile Include="IOBuffer.h">
      <Filter>Header Files</Filter>
    </ClCompile>
    <ClCompile Include="Utils.cpp">
      <Filter>Source Files</Filter>
    </ClCompile>
    <ClCompile Include="ClientSocket.cpp">
      <Filter>Source Files</Filter>
    </ClCompile>
    <ClCompile Include="ConfigHelp.cpp">
      <Filter>Source Files</Filter>
    </ClCompile>
    <ClCompile Include="MemoryPool.cpp">
      <Filter>Source Files</Filter>
    </ClCompile>
    <ClCompile Include="SelectClient.cpp">
      <Filter>Source Files</Filter>
    </ClCompile>
    <ClCompile Include="SelectClient_Thread.cpp">
      <Filter>Source Files</Filter>
    </ClCompile>
    <ClCompile Include="SelectServer.cpp">
      <Filter>Source Files</Filter>
    </ClCompile>
    <ClCompile Include="SelectServer_Thread.cpp">
      <Filter>Source Files</Filter>
    </ClCompile>
    <ClCompile Include="VarMemPool.cpp">
      <Filter>Source Files</Filter>
    </ClCompile>
    <ClCompile Include="Factory.cpp">
      <Filter>Source Files</Filter>
    </ClCompile>
  </ItemGroup>
</Project>